// !$*UTF8*$!
{
	archiveVersion = 1;
	classes = {
	};
	objectVersion = 46;
	objects = {

/* Begin PBXBuildFile section */
		3076CDC21809B47200527E6C /* Foundation.framework in Frameworks */ = {isa = PBXBuildFile; fileRef = 3076CDC11809B47200527E6C /* Foundation.framework */; };
		3076CDC41809B47200527E6C /* CoreGraphics.framework in Frameworks */ = {isa = PBXBuildFile; fileRef = 3076CDC31809B47200527E6C /* CoreGraphics.framework */; };
		3076CDC61809B47200527E6C /* UIKit.framework in Frameworks */ = {isa = PBXBuildFile; fileRef = 3076CDC51809B47200527E6C /* UIKit.framework */; };
		3076CDCC1809B47200527E6C /* InfoPlist.strings in Resources */ = {isa = PBXBuildFile; fileRef = 3076CDCA1809B47200527E6C /* InfoPlist.strings */; };
		3076CDCE1809B47200527E6C /* main.m in Sources */ = {isa = PBXBuildFile; fileRef = 3076CDCD1809B47200527E6C /* main.m */; };
		3076CDD21809B47200527E6C /* MARAppDelegate.m in Sources */ = {isa = PBXBuildFile; fileRef = 3076CDD11809B47200527E6C /* MARAppDelegate.m */; };
		3076CDD51809B47200527E6C /* Main.storyboard in Resources */ = {isa = PBXBuildFile; fileRef = 3076CDD31809B47200527E6C /* Main.storyboard */; };
		3076CDDA1809B47200527E6C /* Images.xcassets in Resources */ = {isa = PBXBuildFile; fileRef = 3076CDD91809B47200527E6C /* Images.xcassets */; };
		3076CDE11809B47200527E6C /* XCTest.framework in Frameworks */ = {isa = PBXBuildFile; fileRef = 3076CDE01809B47200527E6C /* XCTest.framework */; };
		3076CDE21809B47200527E6C /* Foundation.framework in Frameworks */ = {isa = PBXBuildFile; fileRef = 3076CDC11809B47200527E6C /* Foundation.framework */; };
		3076CDE31809B47200527E6C /* UIKit.framework in Frameworks */ = {isa = PBXBuildFile; fileRef = 3076CDC51809B47200527E6C /* UIKit.framework */; };
		3076CE011809B59E00527E6C /* MARHomeViewController.m in Sources */ = {isa = PBXBuildFile; fileRef = 3076CDF81809B59E00527E6C /* MARHomeViewController.m */; };
		3076CE021809B59E00527E6C /* MARMenuViewController.m in Sources */ = {isa = PBXBuildFile; fileRef = 3076CDFA1809B59E00527E6C /* MARMenuViewController.m */; };
		3076CE041809B59E00527E6C /* MARCoordinatorViewController.m in Sources */ = {isa = PBXBuildFile; fileRef = 3076CDFE1809B59E00527E6C /* MARCoordinatorViewController.m */; };
		3076CE051809B59E00527E6C /* MARProfileViewController.m in Sources */ = {isa = PBXBuildFile; fileRef = 3076CE001809B59E00527E6C /* MARProfileViewController.m */; };
		7F5E41E719A99CD100B876DA /* CSAnimation.m in Sources */ = {isa = PBXBuildFile; fileRef = 7F5E41D219A99CD100B876DA /* CSAnimation.m */; };
		7F5E41E819A99CD100B876DA /* CSAnimationView.m in Sources */ = {isa = PBXBuildFile; fileRef = 7F5E41D419A99CD100B876DA /* CSAnimationView.m */; };
		7F5E41E919A99CD100B876DA /* CSBlurView.m in Sources */ = {isa = PBXBuildFile; fileRef = 7F5E41D619A99CD100B876DA /* CSBlurView.m */; };
		7F5E41EA19A99CD100B876DA /* CSNavigationController.m in Sources */ = {isa = PBXBuildFile; fileRef = 7F5E41D819A99CD100B876DA /* CSNavigationController.m */; };
		7F5E41EB19A99CD100B876DA /* UIButton+TCCustomFont.m in Sources */ = {isa = PBXBuildFile; fileRef = 7F5E41DA19A99CD100B876DA /* UIButton+TCCustomFont.m */; };
		7F5E41EC19A99CD100B876DA /* UILabel+TCCustomFont.m in Sources */ = {isa = PBXBuildFile; fileRef = 7F5E41DC19A99CD100B876DA /* UILabel+TCCustomFont.m */; };
		7F5E41ED19A99CD100B876DA /* UINavigationBar+TCCustomFont.m in Sources */ = {isa = PBXBuildFile; fileRef = 7F5E41DE19A99CD100B876DA /* UINavigationBar+TCCustomFont.m */; };
		7F5E41EE19A99CD100B876DA /* UITextField+PlaceholderColor.m in Sources */ = {isa = PBXBuildFile; fileRef = 7F5E41E019A99CD100B876DA /* UITextField+PlaceholderColor.m */; };
		7F5E41EF19A99CD100B876DA /* UITextField+TCCustomFont.m in Sources */ = {isa = PBXBuildFile; fileRef = 7F5E41E219A99CD100B876DA /* UITextField+TCCustomFont.m */; };
		7F5E41F019A99CD100B876DA /* UITextView+TCCustomFont.m in Sources */ = {isa = PBXBuildFile; fileRef = 7F5E41E419A99CD100B876DA /* UITextView+TCCustomFont.m */; };
		7F5E41F119A99CD100B876DA /* LICENSE in Resources */ = {isa = PBXBuildFile; fileRef = 7F5E41E519A99CD100B876DA /* LICENSE */; };
		7F5E41F219A99CD100B876DA /* README.md in Resources */ = {isa = PBXBuildFile; fileRef = 7F5E41E619A99CD100B876DA /* README.md */; };
		7F5E41F519AA4E7700B876DA /* MARLoginViewController.m in Sources */ = {isa = PBXBuildFile; fileRef = 7F5E41F419AA4E7700B876DA /* MARLoginViewController.m */; };
		7F5E41F819AA967900B876DA /* UIAlertView+Additions.m in Sources */ = {isa = PBXBuildFile; fileRef = 7F5E41F719AA967900B876DA /* UIAlertView+Additions.m */; };
		7F5E420419AAAD2F00B876DA /* SVProgressHUD.bundle in Resources */ = {isa = PBXBuildFile; fileRef = 7F5E420119AAAD2F00B876DA /* SVProgressHUD.bundle */; };
		7F5E420519AAAD2F00B876DA /* SVProgressHUD.m in Sources */ = {isa = PBXBuildFile; fileRef = 7F5E420319AAAD2F00B876DA /* SVProgressHUD.m */; };
		7F5E420819AAF2A200B876DA /* MARSignUpViewController.m in Sources */ = {isa = PBXBuildFile; fileRef = 7F5E420719AAF2A200B876DA /* MARSignUpViewController.m */; };
		7FE14D931930330100517D5D /* RECommonFunctions.m in Sources */ = {isa = PBXBuildFile; fileRef = 7FE14D8E1930330100517D5D /* RECommonFunctions.m */; };
		7FE14D941930330100517D5D /* RESideMenu.m in Sources */ = {isa = PBXBuildFile; fileRef = 7FE14D901930330100517D5D /* RESideMenu.m */; };
		7FE14D951930330100517D5D /* UIViewController+RESideMenu.m in Sources */ = {isa = PBXBuildFile; fileRef = 7FE14D921930330100517D5D /* UIViewController+RESideMenu.m */; };
		7FE14D98193039AC00517D5D /* UIColor+CoolColors.m in Sources */ = {isa = PBXBuildFile; fileRef = 7FE14D97193039AC00517D5D /* UIColor+CoolColors.m */; };
		7FE14D9B1930413B00517D5D /* NSObject+PerformBlockAfterDelay.m in Sources */ = {isa = PBXBuildFile; fileRef = 7FE14D9A1930413B00517D5D /* NSObject+PerformBlockAfterDelay.m */; };
		7FE14DA019304D7700517D5D /* STHTTPRequest.m in Sources */ = {isa = PBXBuildFile; fileRef = 7FE14D9F19304D7700517D5D /* STHTTPRequest.m */; };
		7FE14DA21930554600517D5D /* Parse.framework in Frameworks */ = {isa = PBXBuildFile; fileRef = 7FE14DA11930554600517D5D /* Parse.framework */; };
		7FE14DA41930556E00517D5D /* AudioToolbox.framework in Frameworks */ = {isa = PBXBuildFile; fileRef = 7FE14DA31930556E00517D5D /* AudioToolbox.framework */; };
		7FE14DA61930557600517D5D /* CFNetwork.framework in Frameworks */ = {isa = PBXBuildFile; fileRef = 7FE14DA51930557600517D5D /* CFNetwork.framework */; };
		7FE14DA81930558500517D5D /* CoreLocation.framework in Frameworks */ = {isa = PBXBuildFile; fileRef = 7FE14DA71930558500517D5D /* CoreLocation.framework */; };
		7FE14DAA1930559100517D5D /* libz.dylib in Frameworks */ = {isa = PBXBuildFile; fileRef = 7FE14DA91930559100517D5D /* libz.dylib */; };
		7FE14DAC1930559800517D5D /* MobileCoreServices.framework in Frameworks */ = {isa = PBXBuildFile; fileRef = 7FE14DAB1930559800517D5D /* MobileCoreServices.framework */; };
		7FE14DAE1930559F00517D5D /* QuartzCore.framework in Frameworks */ = {isa = PBXBuildFile; fileRef = 7FE14DAD1930559F00517D5D /* QuartzCore.framework */; };
		7FE14DB0193055A600517D5D /* Security.framework in Frameworks */ = {isa = PBXBuildFile; fileRef = 7FE14DAF193055A600517D5D /* Security.framework */; };
		7FE14DB2193055AB00517D5D /* StoreKit.framework in Frameworks */ = {isa = PBXBuildFile; fileRef = 7FE14DB1193055AB00517D5D /* StoreKit.framework */; };
		7FE14DB4193055B400517D5D /* SystemConfiguration.framework in Frameworks */ = {isa = PBXBuildFile; fileRef = 7FE14DB3193055B400517D5D /* SystemConfiguration.framework */; };
		7FE14DB61930582900517D5D /* FacebookSDK.framework in Frameworks */ = {isa = PBXBuildFile; fileRef = 7FE14DB51930582900517D5D /* FacebookSDK.framework */; };
		7FE14DB819310D9100517D5D /* Social.framework in Frameworks */ = {isa = PBXBuildFile; fileRef = 7FE14DB719310D9100517D5D /* Social.framework */; };
		7FE14DBA19310DE900517D5D /* Accounts.framework in Frameworks */ = {isa = PBXBuildFile; fileRef = 7FE14DB919310DE900517D5D /* Accounts.framework */; };
/* End PBXBuildFile section */

/* Begin PBXContainerItemProxy section */
		3076CDE41809B47200527E6C /* PBXContainerItemProxy */ = {
			isa = PBXContainerItemProxy;
			containerPortal = 3076CDB61809B47200527E6C /* Project object */;
			proxyType = 1;
			remoteGlobalIDString = 3076CDBD1809B47200527E6C;
			remoteInfo = RESideMenuStoryboardsExample;
		};
/* End PBXContainerItemProxy section */

/* Begin PBXFileReference section */
		3076CDBE1809B47200527E6C /* iOSTemplate.app */ = {isa = PBXFileReference; explicitFileType = wrapper.application; includeInIndex = 0; path = iOSTemplate.app; sourceTree = BUILT_PRODUCTS_DIR; };
		3076CDC11809B47200527E6C /* Foundation.framework */ = {isa = PBXFileReference; lastKnownFileType = wrapper.framework; name = Foundation.framework; path = System/Library/Frameworks/Foundation.framework; sourceTree = SDKROOT; };
		3076CDC31809B47200527E6C /* CoreGraphics.framework */ = {isa = PBXFileReference; lastKnownFileType = wrapper.framework; name = CoreGraphics.framework; path = System/Library/Frameworks/CoreGraphics.framework; sourceTree = SDKROOT; };
		3076CDC51809B47200527E6C /* UIKit.framework */ = {isa = PBXFileReference; lastKnownFileType = wrapper.framework; name = UIKit.framework; path = System/Library/Frameworks/UIKit.framework; sourceTree = SDKROOT; };
		3076CDC91809B47200527E6C /* iOSTemplate-Info.plist */ = {isa = PBXFileReference; lastKnownFileType = text.plist.xml; path = "iOSTemplate-Info.plist"; sourceTree = "<group>"; };
		3076CDCB1809B47200527E6C /* en */ = {isa = PBXFileReference; lastKnownFileType = text.plist.strings; name = en; path = en.lproj/InfoPlist.strings; sourceTree = "<group>"; };
		3076CDCD1809B47200527E6C /* main.m */ = {isa = PBXFileReference; lastKnownFileType = sourcecode.c.objc; path = main.m; sourceTree = "<group>"; };
		3076CDCF1809B47200527E6C /* iOSTemplate-Prefix.pch */ = {isa = PBXFileReference; lastKnownFileType = sourcecode.c.h; path = "iOSTemplate-Prefix.pch"; sourceTree = "<group>"; };
		3076CDD01809B47200527E6C /* MARAppDelegate.h */ = {isa = PBXFileReference; lastKnownFileType = sourcecode.c.h; path = MARAppDelegate.h; sourceTree = "<group>"; };
		3076CDD11809B47200527E6C /* MARAppDelegate.m */ = {isa = PBXFileReference; lastKnownFileType = sourcecode.c.objc; path = MARAppDelegate.m; sourceTree = "<group>"; };
		3076CDD41809B47200527E6C /* Base */ = {isa = PBXFileReference; lastKnownFileType = file.storyboard; name = Base; path = Base.lproj/Main.storyboard; sourceTree = "<group>"; };
		3076CDD91809B47200527E6C /* Images.xcassets */ = {isa = PBXFileReference; lastKnownFileType = folder.assetcatalog; path = Images.xcassets; sourceTree = "<group>"; };
		3076CDDF1809B47200527E6C /* iOSTemplateTests.xctest */ = {isa = PBXFileReference; explicitFileType = wrapper.cfbundle; includeInIndex = 0; path = iOSTemplateTests.xctest; sourceTree = BUILT_PRODUCTS_DIR; };
		3076CDE01809B47200527E6C /* XCTest.framework */ = {isa = PBXFileReference; lastKnownFileType = wrapper.framework; name = XCTest.framework; path = Library/Frameworks/XCTest.framework; sourceTree = DEVELOPER_DIR; };
		3076CDF71809B59E00527E6C /* MARHomeViewController.h */ = {isa = PBXFileReference; fileEncoding = 4; lastKnownFileType = sourcecode.c.h; path = MARHomeViewController.h; sourceTree = "<group>"; };
		3076CDF81809B59E00527E6C /* MARHomeViewController.m */ = {isa = PBXFileReference; fileEncoding = 4; lastKnownFileType = sourcecode.c.objc; path = MARHomeViewController.m; sourceTree = "<group>"; };
		3076CDF91809B59E00527E6C /* MARMenuViewController.h */ = {isa = PBXFileReference; fileEncoding = 4; lastKnownFileType = sourcecode.c.h; path = MARMenuViewController.h; sourceTree = "<group>"; };
		3076CDFA1809B59E00527E6C /* MARMenuViewController.m */ = {isa = PBXFileReference; fileEncoding = 4; lastKnownFileType = sourcecode.c.objc; path = MARMenuViewController.m; sourceTree = "<group>"; };
		3076CDFD1809B59E00527E6C /* MARCoordinatorViewController.h */ = {isa = PBXFileReference; fileEncoding = 4; lastKnownFileType = sourcecode.c.h; path = MARCoordinatorViewController.h; sourceTree = "<group>"; };
		3076CDFE1809B59E00527E6C /* MARCoordinatorViewController.m */ = {isa = PBXFileReference; fileEncoding = 4; lastKnownFileType = sourcecode.c.objc; path = MARCoordinatorViewController.m; sourceTree = "<group>"; };
		3076CDFF1809B59E00527E6C /* MARProfileViewController.h */ = {isa = PBXFileReference; fileEncoding = 4; lastKnownFileType = sourcecode.c.h; path = MARProfileViewController.h; sourceTree = "<group>"; };
		3076CE001809B59E00527E6C /* MARProfileViewController.m */ = {isa = PBXFileReference; fileEncoding = 4; lastKnownFileType = sourcecode.c.objc; path = MARProfileViewController.m; sourceTree = "<group>"; };
		7F5E41D119A99CD100B876DA /* CSAnimation.h */ = {isa = PBXFileReference; fileEncoding = 4; lastKnownFileType = sourcecode.c.h; path = CSAnimation.h; sourceTree = "<group>"; };
		7F5E41D219A99CD100B876DA /* CSAnimation.m */ = {isa = PBXFileReference; fileEncoding = 4; lastKnownFileType = sourcecode.c.objc; path = CSAnimation.m; sourceTree = "<group>"; };
		7F5E41D319A99CD100B876DA /* CSAnimationView.h */ = {isa = PBXFileReference; fileEncoding = 4; lastKnownFileType = sourcecode.c.h; path = CSAnimationView.h; sourceTree = "<group>"; };
		7F5E41D419A99CD100B876DA /* CSAnimationView.m */ = {isa = PBXFileReference; fileEncoding = 4; lastKnownFileType = sourcecode.c.objc; path = CSAnimationView.m; sourceTree = "<group>"; };
		7F5E41D519A99CD100B876DA /* CSBlurView.h */ = {isa = PBXFileReference; fileEncoding = 4; lastKnownFileType = sourcecode.c.h; path = CSBlurView.h; sourceTree = "<group>"; };
		7F5E41D619A99CD100B876DA /* CSBlurView.m */ = {isa = PBXFileReference; fileEncoding = 4; lastKnownFileType = sourcecode.c.objc; path = CSBlurView.m; sourceTree = "<group>"; };
		7F5E41D719A99CD100B876DA /* CSNavigationController.h */ = {isa = PBXFileReference; fileEncoding = 4; lastKnownFileType = sourcecode.c.h; path = CSNavigationController.h; sourceTree = "<group>"; };
		7F5E41D819A99CD100B876DA /* CSNavigationController.m */ = {isa = PBXFileReference; fileEncoding = 4; lastKnownFileType = sourcecode.c.objc; path = CSNavigationController.m; sourceTree = "<group>"; };
		7F5E41D919A99CD100B876DA /* UIButton+TCCustomFont.h */ = {isa = PBXFileReference; fileEncoding = 4; lastKnownFileType = sourcecode.c.h; path = "UIButton+TCCustomFont.h"; sourceTree = "<group>"; };
		7F5E41DA19A99CD100B876DA /* UIButton+TCCustomFont.m */ = {isa = PBXFileReference; fileEncoding = 4; lastKnownFileType = sourcecode.c.objc; path = "UIButton+TCCustomFont.m"; sourceTree = "<group>"; };
		7F5E41DB19A99CD100B876DA /* UILabel+TCCustomFont.h */ = {isa = PBXFileReference; fileEncoding = 4; lastKnownFileType = sourcecode.c.h; path = "UILabel+TCCustomFont.h"; sourceTree = "<group>"; };
		7F5E41DC19A99CD100B876DA /* UILabel+TCCustomFont.m */ = {isa = PBXFileReference; fileEncoding = 4; lastKnownFileType = sourcecode.c.objc; path = "UILabel+TCCustomFont.m"; sourceTree = "<group>"; };
		7F5E41DD19A99CD100B876DA /* UINavigationBar+TCCustomFont.h */ = {isa = PBXFileReference; fileEncoding = 4; lastKnownFileType = sourcecode.c.h; path = "UINavigationBar+TCCustomFont.h"; sourceTree = "<group>"; };
		7F5E41DE19A99CD100B876DA /* UINavigationBar+TCCustomFont.m */ = {isa = PBXFileReference; fileEncoding = 4; lastKnownFileType = sourcecode.c.objc; path = "UINavigationBar+TCCustomFont.m"; sourceTree = "<group>"; };
		7F5E41DF19A99CD100B876DA /* UITextField+PlaceholderColor.h */ = {isa = PBXFileReference; fileEncoding = 4; lastKnownFileType = sourcecode.c.h; path = "UITextField+PlaceholderColor.h"; sourceTree = "<group>"; };
		7F5E41E019A99CD100B876DA /* UITextField+PlaceholderColor.m */ = {isa = PBXFileReference; fileEncoding = 4; lastKnownFileType = sourcecode.c.objc; path = "UITextField+PlaceholderColor.m"; sourceTree = "<group>"; };
		7F5E41E119A99CD100B876DA /* UITextField+TCCustomFont.h */ = {isa = PBXFileReference; fileEncoding = 4; lastKnownFileType = sourcecode.c.h; path = "UITextField+TCCustomFont.h"; sourceTree = "<group>"; };
		7F5E41E219A99CD100B876DA /* UITextField+TCCustomFont.m */ = {isa = PBXFileReference; fileEncoding = 4; lastKnownFileType = sourcecode.c.objc; path = "UITextField+TCCustomFont.m"; sourceTree = "<group>"; };
		7F5E41E319A99CD100B876DA /* UITextView+TCCustomFont.h */ = {isa = PBXFileReference; fileEncoding = 4; lastKnownFileType = sourcecode.c.h; path = "UITextView+TCCustomFont.h"; sourceTree = "<group>"; };
		7F5E41E419A99CD100B876DA /* UITextView+TCCustomFont.m */ = {isa = PBXFileReference; fileEncoding = 4; lastKnownFileType = sourcecode.c.objc; path = "UITextView+TCCustomFont.m"; sourceTree = "<group>"; };
		7F5E41E519A99CD100B876DA /* LICENSE */ = {isa = PBXFileReference; fileEncoding = 4; lastKnownFileType = text; path = LICENSE; sourceTree = "<group>"; };
		7F5E41E619A99CD100B876DA /* README.md */ = {isa = PBXFileReference; fileEncoding = 4; lastKnownFileType = text; path = README.md; sourceTree = "<group>"; };
		7F5E41F319AA4E7700B876DA /* MARLoginViewController.h */ = {isa = PBXFileReference; fileEncoding = 4; lastKnownFileType = sourcecode.c.h; path = MARLoginViewController.h; sourceTree = "<group>"; };
		7F5E41F419AA4E7700B876DA /* MARLoginViewController.m */ = {isa = PBXFileReference; fileEncoding = 4; lastKnownFileType = sourcecode.c.objc; path = MARLoginViewController.m; sourceTree = "<group>"; };
		7F5E41F619AA967900B876DA /* UIAlertView+Additions.h */ = {isa = PBXFileReference; fileEncoding = 4; lastKnownFileType = sourcecode.c.h; path = "UIAlertView+Additions.h"; sourceTree = "<group>"; };
		7F5E41F719AA967900B876DA /* UIAlertView+Additions.m */ = {isa = PBXFileReference; fileEncoding = 4; lastKnownFileType = sourcecode.c.objc; path = "UIAlertView+Additions.m"; sourceTree = "<group>"; };
		7F5E420019AAAD2F00B876DA /* SVProgressHUD-Prefix.pch */ = {isa = PBXFileReference; fileEncoding = 4; lastKnownFileType = sourcecode.c.h; path = "SVProgressHUD-Prefix.pch"; sourceTree = "<group>"; };
		7F5E420119AAAD2F00B876DA /* SVProgressHUD.bundle */ = {isa = PBXFileReference; lastKnownFileType = "wrapper.plug-in"; path = SVProgressHUD.bundle; sourceTree = "<group>"; };
		7F5E420219AAAD2F00B876DA /* SVProgressHUD.h */ = {isa = PBXFileReference; fileEncoding = 4; lastKnownFileType = sourcecode.c.h; path = SVProgressHUD.h; sourceTree = "<group>"; };
		7F5E420319AAAD2F00B876DA /* SVProgressHUD.m */ = {isa = PBXFileReference; fileEncoding = 4; lastKnownFileType = sourcecode.c.objc; path = SVProgressHUD.m; sourceTree = "<group>"; };
		7F5E420619AAF2A200B876DA /* MARSignUpViewController.h */ = {isa = PBXFileReference; fileEncoding = 4; lastKnownFileType = sourcecode.c.h; path = MARSignUpViewController.h; sourceTree = "<group>"; };
		7F5E420719AAF2A200B876DA /* MARSignUpViewController.m */ = {isa = PBXFileReference; fileEncoding = 4; lastKnownFileType = sourcecode.c.objc; path = MARSignUpViewController.m; sourceTree = "<group>"; };
		7FE14D8D1930330100517D5D /* RECommonFunctions.h */ = {isa = PBXFileReference; fileEncoding = 4; lastKnownFileType = sourcecode.c.h; path = RECommonFunctions.h; sourceTree = "<group>"; };
		7FE14D8E1930330100517D5D /* RECommonFunctions.m */ = {isa = PBXFileReference; fileEncoding = 4; lastKnownFileType = sourcecode.c.objc; path = RECommonFunctions.m; sourceTree = "<group>"; };
		7FE14D8F1930330100517D5D /* RESideMenu.h */ = {isa = PBXFileReference; fileEncoding = 4; lastKnownFileType = sourcecode.c.h; path = RESideMenu.h; sourceTree = "<group>"; };
		7FE14D901930330100517D5D /* RESideMenu.m */ = {isa = PBXFileReference; fileEncoding = 4; lastKnownFileType = sourcecode.c.objc; path = RESideMenu.m; sourceTree = "<group>"; };
		7FE14D911930330100517D5D /* UIViewController+RESideMenu.h */ = {isa = PBXFileReference; fileEncoding = 4; lastKnownFileType = sourcecode.c.h; path = "UIViewController+RESideMenu.h"; sourceTree = "<group>"; };
		7FE14D921930330100517D5D /* UIViewController+RESideMenu.m */ = {isa = PBXFileReference; fileEncoding = 4; lastKnownFileType = sourcecode.c.objc; path = "UIViewController+RESideMenu.m"; sourceTree = "<group>"; };
		7FE14D96193039AC00517D5D /* UIColor+CoolColors.h */ = {isa = PBXFileReference; fileEncoding = 4; lastKnownFileType = sourcecode.c.h; path = "UIColor+CoolColors.h"; sourceTree = "<group>"; };
		7FE14D97193039AC00517D5D /* UIColor+CoolColors.m */ = {isa = PBXFileReference; fileEncoding = 4; lastKnownFileType = sourcecode.c.objc; path = "UIColor+CoolColors.m"; sourceTree = "<group>"; };
		7FE14D991930413B00517D5D /* NSObject+PerformBlockAfterDelay.h */ = {isa = PBXFileReference; fileEncoding = 4; lastKnownFileType = sourcecode.c.h; path = "NSObject+PerformBlockAfterDelay.h"; sourceTree = "<group>"; };
		7FE14D9A1930413B00517D5D /* NSObject+PerformBlockAfterDelay.m */ = {isa = PBXFileReference; fileEncoding = 4; lastKnownFileType = sourcecode.c.objc; path = "NSObject+PerformBlockAfterDelay.m"; sourceTree = "<group>"; };
		7FE14D9E19304D7700517D5D /* STHTTPRequest.h */ = {isa = PBXFileReference; fileEncoding = 4; lastKnownFileType = sourcecode.c.h; path = STHTTPRequest.h; sourceTree = "<group>"; };
		7FE14D9F19304D7700517D5D /* STHTTPRequest.m */ = {isa = PBXFileReference; fileEncoding = 4; lastKnownFileType = sourcecode.c.objc; path = STHTTPRequest.m; sourceTree = "<group>"; };
		7FE14DA11930554600517D5D /* Parse.framework */ = {isa = PBXFileReference; lastKnownFileType = wrapper.framework; path = Parse.framework; sourceTree = "<group>"; };
		7FE14DA31930556E00517D5D /* AudioToolbox.framework */ = {isa = PBXFileReference; lastKnownFileType = wrapper.framework; name = AudioToolbox.framework; path = System/Library/Frameworks/AudioToolbox.framework; sourceTree = SDKROOT; };
		7FE14DA51930557600517D5D /* CFNetwork.framework */ = {isa = PBXFileReference; lastKnownFileType = wrapper.framework; name = CFNetwork.framework; path = System/Library/Frameworks/CFNetwork.framework; sourceTree = SDKROOT; };
		7FE14DA71930558500517D5D /* CoreLocation.framework */ = {isa = PBXFileReference; lastKnownFileType = wrapper.framework; name = CoreLocation.framework; path = System/Library/Frameworks/CoreLocation.framework; sourceTree = SDKROOT; };
		7FE14DA91930559100517D5D /* libz.dylib */ = {isa = PBXFileReference; lastKnownFileType = "compiled.mach-o.dylib"; name = libz.dylib; path = usr/lib/libz.dylib; sourceTree = SDKROOT; };
		7FE14DAB1930559800517D5D /* MobileCoreServices.framework */ = {isa = PBXFileReference; lastKnownFileType = wrapper.framework; name = MobileCoreServices.framework; path = System/Library/Frameworks/MobileCoreServices.framework; sourceTree = SDKROOT; };
		7FE14DAD1930559F00517D5D /* QuartzCore.framework */ = {isa = PBXFileReference; lastKnownFileType = wrapper.framework; name = QuartzCore.framework; path = System/Library/Frameworks/QuartzCore.framework; sourceTree = SDKROOT; };
		7FE14DAF193055A600517D5D /* Security.framework */ = {isa = PBXFileReference; lastKnownFileType = wrapper.framework; name = Security.framework; path = System/Library/Frameworks/Security.framework; sourceTree = SDKROOT; };
		7FE14DB1193055AB00517D5D /* StoreKit.framework */ = {isa = PBXFileReference; lastKnownFileType = wrapper.framework; name = StoreKit.framework; path = System/Library/Frameworks/StoreKit.framework; sourceTree = SDKROOT; };
		7FE14DB3193055B400517D5D /* SystemConfiguration.framework */ = {isa = PBXFileReference; lastKnownFileType = wrapper.framework; name = SystemConfiguration.framework; path = System/Library/Frameworks/SystemConfiguration.framework; sourceTree = SDKROOT; };
		7FE14DB51930582900517D5D /* FacebookSDK.framework */ = {isa = PBXFileReference; lastKnownFileType = wrapper.framework; path = FacebookSDK.framework; sourceTree = "<group>"; };
		7FE14DB719310D9100517D5D /* Social.framework */ = {isa = PBXFileReference; lastKnownFileType = wrapper.framework; name = Social.framework; path = System/Library/Frameworks/Social.framework; sourceTree = SDKROOT; };
		7FE14DB919310DE900517D5D /* Accounts.framework */ = {isa = PBXFileReference; lastKnownFileType = wrapper.framework; name = Accounts.framework; path = System/Library/Frameworks/Accounts.framework; sourceTree = SDKROOT; };
/* End PBXFileReference section */

/* Begin PBXFrameworksBuildPhase section */
		3076CDBB1809B47200527E6C /* Frameworks */ = {
			isa = PBXFrameworksBuildPhase;
			buildActionMask = 2147483647;
			files = (
				7FE14DBA19310DE900517D5D /* Accounts.framework in Frameworks */,
				7FE14DB819310D9100517D5D /* Social.framework in Frameworks */,
				7FE14DB4193055B400517D5D /* SystemConfiguration.framework in Frameworks */,
				7FE14DB2193055AB00517D5D /* StoreKit.framework in Frameworks */,
				7FE14DB0193055A600517D5D /* Security.framework in Frameworks */,
				7FE14DAE1930559F00517D5D /* QuartzCore.framework in Frameworks */,
				7FE14DAC1930559800517D5D /* MobileCoreServices.framework in Frameworks */,
				7FE14DAA1930559100517D5D /* libz.dylib in Frameworks */,
				7FE14DA81930558500517D5D /* CoreLocation.framework in Frameworks */,
				3076CDC41809B47200527E6C /* CoreGraphics.framework in Frameworks */,
				7FE14DA61930557600517D5D /* CFNetwork.framework in Frameworks */,
				7FE14DA41930556E00517D5D /* AudioToolbox.framework in Frameworks */,
				3076CDC61809B47200527E6C /* UIKit.framework in Frameworks */,
				7FE14DB61930582900517D5D /* FacebookSDK.framework in Frameworks */,
				3076CDC21809B47200527E6C /* Foundation.framework in Frameworks */,
				7FE14DA21930554600517D5D /* Parse.framework in Frameworks */,
			);
			runOnlyForDeploymentPostprocessing = 0;
		};
		3076CDDC1809B47200527E6C /* Frameworks */ = {
			isa = PBXFrameworksBuildPhase;
			buildActionMask = 2147483647;
			files = (
				3076CDE11809B47200527E6C /* XCTest.framework in Frameworks */,
				3076CDE31809B47200527E6C /* UIKit.framework in Frameworks */,
				3076CDE21809B47200527E6C /* Foundation.framework in Frameworks */,
			);
			runOnlyForDeploymentPostprocessing = 0;
		};
/* End PBXFrameworksBuildPhase section */

/* Begin PBXGroup section */
		3076CDB51809B47200527E6C = {
			isa = PBXGroup;
			children = (
				7FE14D8C1930330100517D5D /* RESideMenu */,
				3076CDC71809B47200527E6C /* MARSideMenu */,
				3076CDC01809B47200527E6C /* Frameworks */,
				3076CDBF1809B47200527E6C /* Products */,
			);
			sourceTree = "<group>";
		};
		3076CDBF1809B47200527E6C /* Products */ = {
			isa = PBXGroup;
			children = (
				3076CDBE1809B47200527E6C /* iOSTemplate.app */,
				3076CDDF1809B47200527E6C /* iOSTemplateTests.xctest */,
			);
			name = Products;
			sourceTree = "<group>";
		};
		3076CDC01809B47200527E6C /* Frameworks */ = {
			isa = PBXGroup;
			children = (
				7FE14DB919310DE900517D5D /* Accounts.framework */,
				7FE14DB719310D9100517D5D /* Social.framework */,
				7FE14DB51930582900517D5D /* FacebookSDK.framework */,
				7FE14DB3193055B400517D5D /* SystemConfiguration.framework */,
				7FE14DB1193055AB00517D5D /* StoreKit.framework */,
				7FE14DAF193055A600517D5D /* Security.framework */,
				7FE14DAD1930559F00517D5D /* QuartzCore.framework */,
				7FE14DAB1930559800517D5D /* MobileCoreServices.framework */,
				7FE14DA91930559100517D5D /* libz.dylib */,
				7FE14DA71930558500517D5D /* CoreLocation.framework */,
				7FE14DA51930557600517D5D /* CFNetwork.framework */,
				7FE14DA31930556E00517D5D /* AudioToolbox.framework */,
				7FE14DA11930554600517D5D /* Parse.framework */,
				3076CDC11809B47200527E6C /* Foundation.framework */,
				3076CDC31809B47200527E6C /* CoreGraphics.framework */,
				3076CDC51809B47200527E6C /* UIKit.framework */,
				3076CDE01809B47200527E6C /* XCTest.framework */,
			);
			name = Frameworks;
			sourceTree = "<group>";
		};
		3076CDC71809B47200527E6C /* MARSideMenu */ = {
			isa = PBXGroup;
			children = (
				7FE14D9D19304D6B00517D5D /* External Libraries */,
				7FE14D9C19304CCD00517D5D /* Categories */,
				3076CDF61809B50100527E6C /* Controllers */,
				3076CDD01809B47200527E6C /* MARAppDelegate.h */,
				3076CDD11809B47200527E6C /* MARAppDelegate.m */,
				3076CDD31809B47200527E6C /* Main.storyboard */,
				3076CDC81809B47200527E6C /* Supporting Files */,
			);
			name = MARSideMenu;
			path = RESideMenuStoryboardsExample;
			sourceTree = "<group>";
		};
		3076CDC81809B47200527E6C /* Supporting Files */ = {
			isa = PBXGroup;
			children = (
				3076CDD91809B47200527E6C /* Images.xcassets */,
				3076CDC91809B47200527E6C /* iOSTemplate-Info.plist */,
				3076CDCA1809B47200527E6C /* InfoPlist.strings */,
				3076CDCD1809B47200527E6C /* main.m */,
				3076CDCF1809B47200527E6C /* iOSTemplate-Prefix.pch */,
			);
			name = "Supporting Files";
			sourceTree = "<group>";
		};
		3076CDF61809B50100527E6C /* Controllers */ = {
			isa = PBXGroup;
			children = (
				3076CDF71809B59E00527E6C /* MARHomeViewController.h */,
				3076CDF81809B59E00527E6C /* MARHomeViewController.m */,
				3076CDF91809B59E00527E6C /* MARMenuViewController.h */,
				3076CDFA1809B59E00527E6C /* MARMenuViewController.m */,
				3076CDFD1809B59E00527E6C /* MARCoordinatorViewController.h */,
				3076CDFE1809B59E00527E6C /* MARCoordinatorViewController.m */,
				3076CDFF1809B59E00527E6C /* MARProfileViewController.h */,
				3076CE001809B59E00527E6C /* MARProfileViewController.m */,
				7F5E41F319AA4E7700B876DA /* MARLoginViewController.h */,
				7F5E41F419AA4E7700B876DA /* MARLoginViewController.m */,
				7F5E420619AAF2A200B876DA /* MARSignUpViewController.h */,
				7F5E420719AAF2A200B876DA /* MARSignUpViewController.m */,
			);
			name = Controllers;
			sourceTree = "<group>";
		};
		7F5E41CF19A99CD100B876DA /* Canvas */ = {
			isa = PBXGroup;
			children = (
				7F5E41D019A99CD100B876DA /* CanvasLibrary */,
				7F5E41E519A99CD100B876DA /* LICENSE */,
				7F5E41E619A99CD100B876DA /* README.md */,
			);
			path = Canvas;
			sourceTree = "<group>";
		};
		7F5E41D019A99CD100B876DA /* CanvasLibrary */ = {
			isa = PBXGroup;
			children = (
				7F5E41D119A99CD100B876DA /* CSAnimation.h */,
				7F5E41D219A99CD100B876DA /* CSAnimation.m */,
				7F5E41D319A99CD100B876DA /* CSAnimationView.h */,
				7F5E41D419A99CD100B876DA /* CSAnimationView.m */,
				7F5E41D519A99CD100B876DA /* CSBlurView.h */,
				7F5E41D619A99CD100B876DA /* CSBlurView.m */,
				7F5E41D719A99CD100B876DA /* CSNavigationController.h */,
				7F5E41D819A99CD100B876DA /* CSNavigationController.m */,
				7F5E41D919A99CD100B876DA /* UIButton+TCCustomFont.h */,
				7F5E41DA19A99CD100B876DA /* UIButton+TCCustomFont.m */,
				7F5E41DB19A99CD100B876DA /* UILabel+TCCustomFont.h */,
				7F5E41DC19A99CD100B876DA /* UILabel+TCCustomFont.m */,
				7F5E41DD19A99CD100B876DA /* UINavigationBar+TCCustomFont.h */,
				7F5E41DE19A99CD100B876DA /* UINavigationBar+TCCustomFont.m */,
				7F5E41DF19A99CD100B876DA /* UITextField+PlaceholderColor.h */,
				7F5E41E019A99CD100B876DA /* UITextField+PlaceholderColor.m */,
				7F5E41E119A99CD100B876DA /* UITextField+TCCustomFont.h */,
				7F5E41E219A99CD100B876DA /* UITextField+TCCustomFont.m */,
				7F5E41E319A99CD100B876DA /* UITextView+TCCustomFont.h */,
				7F5E41E419A99CD100B876DA /* UITextView+TCCustomFont.m */,
			);
			path = CanvasLibrary;
			sourceTree = "<group>";
		};
		7F5E41FF19AAAD2F00B876DA /* SVProgressHUD */ = {
			isa = PBXGroup;
			children = (
				7F5E420019AAAD2F00B876DA /* SVProgressHUD-Prefix.pch */,
				7F5E420119AAAD2F00B876DA /* SVProgressHUD.bundle */,
				7F5E420219AAAD2F00B876DA /* SVProgressHUD.h */,
				7F5E420319AAAD2F00B876DA /* SVProgressHUD.m */,
			);
			path = SVProgressHUD;
			sourceTree = "<group>";
		};
		7FE14D8C1930330100517D5D /* RESideMenu */ = {
			isa = PBXGroup;
			children = (
				7FE14D8D1930330100517D5D /* RECommonFunctions.h */,
				7FE14D8E1930330100517D5D /* RECommonFunctions.m */,
				7FE14D8F1930330100517D5D /* RESideMenu.h */,
				7FE14D901930330100517D5D /* RESideMenu.m */,
				7FE14D911930330100517D5D /* UIViewController+RESideMenu.h */,
				7FE14D921930330100517D5D /* UIViewController+RESideMenu.m */,
			);
			path = RESideMenu;
			sourceTree = "<group>";
		};
		7FE14D9C19304CCD00517D5D /* Categories */ = {
			isa = PBXGroup;
			children = (
				7FE14D96193039AC00517D5D /* UIColor+CoolColors.h */,
				7FE14D97193039AC00517D5D /* UIColor+CoolColors.m */,
				7FE14D991930413B00517D5D /* NSObject+PerformBlockAfterDelay.h */,
				7FE14D9A1930413B00517D5D /* NSObject+PerformBlockAfterDelay.m */,
				7F5E41F619AA967900B876DA /* UIAlertView+Additions.h */,
				7F5E41F719AA967900B876DA /* UIAlertView+Additions.m */,
			);
			name = Categories;
			sourceTree = "<group>";
		};
		7FE14D9D19304D6B00517D5D /* External Libraries */ = {
			isa = PBXGroup;
			children = (
				7F5E41FF19AAAD2F00B876DA /* SVProgressHUD */,
				7F5E41CF19A99CD100B876DA /* Canvas */,
				7FE14D9E19304D7700517D5D /* STHTTPRequest.h */,
				7FE14D9F19304D7700517D5D /* STHTTPRequest.m */,
			);
			name = "External Libraries";
			sourceTree = "<group>";
		};
/* End PBXGroup section */

/* Begin PBXNativeTarget section */
		3076CDBD1809B47200527E6C /* iOSTemplate */ = {
			isa = PBXNativeTarget;
			buildConfigurationList = 3076CDF01809B47200527E6C /* Build configuration list for PBXNativeTarget "iOSTemplate" */;
			buildPhases = (
				3076CDBA1809B47200527E6C /* Sources */,
				3076CDBB1809B47200527E6C /* Frameworks */,
				3076CDBC1809B47200527E6C /* Resources */,
			);
			buildRules = (
			);
			dependencies = (
			);
			name = iOSTemplate;
			productName = RESideMenuStoryboardsExample;
			productReference = 3076CDBE1809B47200527E6C /* iOSTemplate.app */;
			productType = "com.apple.product-type.application";
		};
		3076CDDE1809B47200527E6C /* iOSTemplateTests */ = {
			isa = PBXNativeTarget;
			buildConfigurationList = 3076CDF31809B47200527E6C /* Build configuration list for PBXNativeTarget "iOSTemplateTests" */;
			buildPhases = (
				3076CDDB1809B47200527E6C /* Sources */,
				3076CDDC1809B47200527E6C /* Frameworks */,
				3076CDDD1809B47200527E6C /* Resources */,
			);
			buildRules = (
			);
			dependencies = (
				3076CDE51809B47200527E6C /* PBXTargetDependency */,
			);
			name = iOSTemplateTests;
			productName = RESideMenuStoryboardsExampleTests;
			productReference = 3076CDDF1809B47200527E6C /* iOSTemplateTests.xctest */;
			productType = "com.apple.product-type.bundle.unit-test";
		};
/* End PBXNativeTarget section */

/* Begin PBXProject section */
		3076CDB61809B47200527E6C /* Project object */ = {
			isa = PBXProject;
			attributes = {
				CLASSPREFIX = DEMO;
				LastUpgradeCheck = 0510;
				ORGANIZATIONNAME = "Roman Efimov";
				TargetAttributes = {
					3076CDDE1809B47200527E6C = {
						TestTargetID = 3076CDBD1809B47200527E6C;
					};
				};
			};
			buildConfigurationList = 3076CDB91809B47200527E6C /* Build configuration list for PBXProject "iOSTemplate" */;
			compatibilityVersion = "Xcode 3.2";
			developmentRegion = English;
			hasScannedForEncodings = 0;
			knownRegions = (
				en,
				Base,
			);
			mainGroup = 3076CDB51809B47200527E6C;
			productRefGroup = 3076CDBF1809B47200527E6C /* Products */;
			projectDirPath = "";
			projectRoot = "";
			targets = (
				3076CDBD1809B47200527E6C /* iOSTemplate */,
				3076CDDE1809B47200527E6C /* iOSTemplateTests */,
			);
		};
/* End PBXProject section */

/* Begin PBXResourcesBuildPhase section */
		3076CDBC1809B47200527E6C /* Resources */ = {
			isa = PBXResourcesBuildPhase;
			buildActionMask = 2147483647;
			files = (
				3076CDDA1809B47200527E6C /* Images.xcassets in Resources */,
				7F5E420419AAAD2F00B876DA /* SVProgressHUD.bundle in Resources */,
				3076CDCC1809B47200527E6C /* InfoPlist.strings in Resources */,
				7F5E41F219A99CD100B876DA /* README.md in Resources */,
				7F5E41F119A99CD100B876DA /* LICENSE in Resources */,
				3076CDD51809B47200527E6C /* Main.storyboard in Resources */,
			);
			runOnlyForDeploymentPostprocessing = 0;
		};
		3076CDDD1809B47200527E6C /* Resources */ = {
			isa = PBXResourcesBuildPhase;
			buildActionMask = 2147483647;
			files = (
			);
			runOnlyForDeploymentPostprocessing = 0;
		};
/* End PBXResourcesBuildPhase section */

/* Begin PBXSourcesBuildPhase section */
		3076CDBA1809B47200527E6C /* Sources */ = {
			isa = PBXSourcesBuildPhase;
			buildActionMask = 2147483647;
			files = (
				7FE14D941930330100517D5D /* RESideMenu.m in Sources */,
				3076CE021809B59E00527E6C /* MARMenuViewController.m in Sources */,
				3076CE011809B59E00527E6C /* MARHomeViewController.m in Sources */,
				7F5E41EC19A99CD100B876DA /* UILabel+TCCustomFont.m in Sources */,
				3076CDCE1809B47200527E6C /* main.m in Sources */,
				7F5E420819AAF2A200B876DA /* MARSignUpViewController.m in Sources */,
				3076CDD21809B47200527E6C /* MARAppDelegate.m in Sources */,
				7F5E41E819A99CD100B876DA /* CSAnimationView.m in Sources */,
				3076CE051809B59E00527E6C /* MARProfileViewController.m in Sources */,
				7F5E41E719A99CD100B876DA /* CSAnimation.m in Sources */,
				7F5E41EE19A99CD100B876DA /* UITextField+PlaceholderColor.m in Sources */,
				7FE14DA019304D7700517D5D /* STHTTPRequest.m in Sources */,
				7F5E41EF19A99CD100B876DA /* UITextField+TCCustomFont.m in Sources */,
				7F5E420519AAAD2F00B876DA /* SVProgressHUD.m in Sources */,
				7F5E41E919A99CD100B876DA /* CSBlurView.m in Sources */,
				7FE14D98193039AC00517D5D /* UIColor+CoolColors.m in Sources */,
				7FE14D9B1930413B00517D5D /* NSObject+PerformBlockAfterDelay.m in Sources */,
				7F5E41F519AA4E7700B876DA /* MARLoginViewController.m in Sources */,
				3076CE041809B59E00527E6C /* MARCoordinatorViewController.m in Sources */,
				7F5E41EA19A99CD100B876DA /* CSNavigationController.m in Sources */,
				7FE14D931930330100517D5D /* RECommonFunctions.m in Sources */,
				7F5E41F019A99CD100B876DA /* UITextView+TCCustomFont.m in Sources */,
				7F5E41EB19A99CD100B876DA /* UIButton+TCCustomFont.m in Sources */,
				7F5E41F819AA967900B876DA /* UIAlertView+Additions.m in Sources */,
				7FE14D951930330100517D5D /* UIViewController+RESideMenu.m in Sources */,
				7F5E41ED19A99CD100B876DA /* UINavigationBar+TCCustomFont.m in Sources */,
			);
			runOnlyForDeploymentPostprocessing = 0;
		};
		3076CDDB1809B47200527E6C /* Sources */ = {
			isa = PBXSourcesBuildPhase;
			buildActionMask = 2147483647;
			files = (
			);
			runOnlyForDeploymentPostprocessing = 0;
		};
/* End PBXSourcesBuildPhase section */

/* Begin PBXTargetDependency section */
		3076CDE51809B47200527E6C /* PBXTargetDependency */ = {
			isa = PBXTargetDependency;
			target = 3076CDBD1809B47200527E6C /* iOSTemplate */;
			targetProxy = 3076CDE41809B47200527E6C /* PBXContainerItemProxy */;
		};
/* End PBXTargetDependency section */

/* Begin PBXVariantGroup section */
		3076CDCA1809B47200527E6C /* InfoPlist.strings */ = {
			isa = PBXVariantGroup;
			children = (
				3076CDCB1809B47200527E6C /* en */,
			);
			name = InfoPlist.strings;
			sourceTree = "<group>";
		};
		3076CDD31809B47200527E6C /* Main.storyboard */ = {
			isa = PBXVariantGroup;
			children = (
				3076CDD41809B47200527E6C /* Base */,
			);
			name = Main.storyboard;
			sourceTree = "<group>";
		};
/* End PBXVariantGroup section */

/* Begin XCBuildConfiguration section */
		3076CDEE1809B47200527E6C /* Debug */ = {
			isa = XCBuildConfiguration;
			buildSettings = {
				ALWAYS_SEARCH_USER_PATHS = NO;
				CLANG_CXX_LANGUAGE_STANDARD = "gnu++0x";
				CLANG_CXX_LIBRARY = "libc++";
				CLANG_ENABLE_MODULES = YES;
				CLANG_ENABLE_OBJC_ARC = YES;
				CLANG_WARN_BOOL_CONVERSION = YES;
				CLANG_WARN_CONSTANT_CONVERSION = YES;
				CLANG_WARN_DIRECT_OBJC_ISA_USAGE = YES_ERROR;
				CLANG_WARN_EMPTY_BODY = YES;
				CLANG_WARN_ENUM_CONVERSION = YES;
				CLANG_WARN_INT_CONVERSION = YES;
				CLANG_WARN_OBJC_ROOT_CLASS = YES_ERROR;
				CLANG_WARN__DUPLICATE_METHOD_MATCH = YES;
				"CODE_SIGN_IDENTITY[sdk=iphoneos*]" = "iPhone Developer";
				COPY_PHASE_STRIP = NO;
				GCC_C_LANGUAGE_STANDARD = gnu99;
				GCC_DYNAMIC_NO_PIC = NO;
				GCC_OPTIMIZATION_LEVEL = 0;
				GCC_PREPROCESSOR_DEFINITIONS = (
					"DEBUG=1",
					"$(inherited)",
				);
				GCC_SYMBOLS_PRIVATE_EXTERN = NO;
				GCC_WARN_64_TO_32_BIT_CONVERSION = YES;
				GCC_WARN_ABOUT_RETURN_TYPE = YES_ERROR;
				GCC_WARN_UNDECLARED_SELECTOR = YES;
				GCC_WARN_UNINITIALIZED_AUTOS = YES;
				GCC_WARN_UNUSED_FUNCTION = YES;
				GCC_WARN_UNUSED_VARIABLE = YES;
				IPHONEOS_DEPLOYMENT_TARGET = 7.0;
				ONLY_ACTIVE_ARCH = YES;
				SDKROOT = iphoneos;
			};
			name = Debug;
		};
		3076CDEF1809B47200527E6C /* Release */ = {
			isa = XCBuildConfiguration;
			buildSettings = {
				ALWAYS_SEARCH_USER_PATHS = NO;
				CLANG_CXX_LANGUAGE_STANDARD = "gnu++0x";
				CLANG_CXX_LIBRARY = "libc++";
				CLANG_ENABLE_MODULES = YES;
				CLANG_ENABLE_OBJC_ARC = YES;
				CLANG_WARN_BOOL_CONVERSION = YES;
				CLANG_WARN_CONSTANT_CONVERSION = YES;
				CLANG_WARN_DIRECT_OBJC_ISA_USAGE = YES_ERROR;
				CLANG_WARN_EMPTY_BODY = YES;
				CLANG_WARN_ENUM_CONVERSION = YES;
				CLANG_WARN_INT_CONVERSION = YES;
				CLANG_WARN_OBJC_ROOT_CLASS = YES_ERROR;
				CLANG_WARN__DUPLICATE_METHOD_MATCH = YES;
				"CODE_SIGN_IDENTITY[sdk=iphoneos*]" = "iPhone Developer";
				COPY_PHASE_STRIP = YES;
				ENABLE_NS_ASSERTIONS = NO;
				GCC_C_LANGUAGE_STANDARD = gnu99;
				GCC_WARN_64_TO_32_BIT_CONVERSION = YES;
				GCC_WARN_ABOUT_RETURN_TYPE = YES_ERROR;
				GCC_WARN_UNDECLARED_SELECTOR = YES;
				GCC_WARN_UNINITIALIZED_AUTOS = YES;
				GCC_WARN_UNUSED_FUNCTION = YES;
				GCC_WARN_UNUSED_VARIABLE = YES;
				IPHONEOS_DEPLOYMENT_TARGET = 7.0;
				SDKROOT = iphoneos;
				VALIDATE_PRODUCT = YES;
			};
			name = Release;
		};
		3076CDF11809B47200527E6C /* Debug */ = {
			isa = XCBuildConfiguration;
			buildSettings = {
				ASSETCATALOG_COMPILER_APPICON_NAME = AppIcon;
				ASSETCATALOG_COMPILER_LAUNCHIMAGE_NAME = LaunchImage;
				FRAMEWORK_SEARCH_PATHS = (
					"$(inherited)",
					"$(PROJECT_DIR)",
				);
				GCC_PRECOMPILE_PREFIX_HEADER = YES;
				GCC_PREFIX_HEADER = "RESideMenuStoryboardsExample/iOSTemplate-Prefix.pch";
				INFOPLIST_FILE = "RESideMenuStoryboardsExample/iOSTemplate-Info.plist";
				IPHONEOS_DEPLOYMENT_TARGET = 6.0;
				PRODUCT_NAME = iOSTemplate;
				TARGETED_DEVICE_FAMILY = "1,2";
				WRAPPER_EXTENSION = app;
			};
			name = Debug;
		};
		3076CDF21809B47200527E6C /* Release */ = {
			isa = XCBuildConfiguration;
			buildSettings = {
				ASSETCATALOG_COMPILER_APPICON_NAME = AppIcon;
				ASSETCATALOG_COMPILER_LAUNCHIMAGE_NAME = LaunchImage;
				FRAMEWORK_SEARCH_PATHS = (
					"$(inherited)",
					"$(PROJECT_DIR)",
				);
				GCC_PRECOMPILE_PREFIX_HEADER = YES;
				GCC_PREFIX_HEADER = "RESideMenuStoryboardsExample/iOSTemplate-Prefix.pch";
				INFOPLIST_FILE = "RESideMenuStoryboardsExample/iOSTemplate-Info.plist";
				IPHONEOS_DEPLOYMENT_TARGET = 6.0;
				PRODUCT_NAME = iOSTemplate;
				TARGETED_DEVICE_FAMILY = "1,2";
				WRAPPER_EXTENSION = app;
			};
			name = Release;
		};
		3076CDF41809B47200527E6C /* Debug */ = {
			isa = XCBuildConfiguration;
			buildSettings = {
				BUNDLE_LOADER = "$(BUILT_PRODUCTS_DIR)/RESideMenuStoryboardsExample.app/RESideMenuStoryboardsExample";
				FRAMEWORK_SEARCH_PATHS = (
					"$(SDKROOT)/Developer/Library/Frameworks",
					"$(inherited)",
					"$(DEVELOPER_FRAMEWORKS_DIR)",
				);
				GCC_PRECOMPILE_PREFIX_HEADER = YES;
				GCC_PREFIX_HEADER = "RESideMenuStoryboardsExample/RESideMenuStoryboardsExample-Prefix.pch";
				GCC_PREPROCESSOR_DEFINITIONS = (
					"DEBUG=1",
					"$(inherited)",
				);
				INFOPLIST_FILE = "RESideMenuStoryboardsExampleTests/RESideMenuStoryboardsExampleTests-Info.plist";
				PRODUCT_NAME = iOSTemplateTests;
				TEST_HOST = "$(BUNDLE_LOADER)";
				WRAPPER_EXTENSION = xctest;
			};
			name = Debug;
		};
		3076CDF51809B47200527E6C /* Release */ = {
			isa = XCBuildConfiguration;
			buildSettings = {
				BUNDLE_LOADER = "$(BUILT_PRODUCTS_DIR)/RESideMenuStoryboardsExample.app/RESideMenuStoryboardsExample";
				FRAMEWORK_SEARCH_PATHS = (
					"$(SDKROOT)/Developer/Library/Frameworks",
					"$(inherited)",
					"$(DEVELOPER_FRAMEWORKS_DIR)",
				);
				GCC_PRECOMPILE_PREFIX_HEADER = YES;
				GCC_PREFIX_HEADER = "RESideMenuStoryboardsExample/RESideMenuStoryboardsExample-Prefix.pch";
				INFOPLIST_FILE = "RESideMenuStoryboardsExampleTests/RESideMenuStoryboardsExampleTests-Info.plist";
				PRODUCT_NAME = iOSTemplateTests;
				TEST_HOST = "$(BUNDLE_LOADER)";
				WRAPPER_EXTENSION = xctest;
			};
			name = Release;
		};
/* End XCBuildConfiguration section */

/* Begin XCConfigurationList section */
		3076CDB91809B47200527E6C /* Build configuration list for PBXProject "iOSTemplate" */ = {
			isa = XCConfigurationList;
			buildConfigurations = (
				3076CDEE1809B47200527E6C /* Debug */,
				3076CDEF1809B47200527E6C /* Release */,
			);
			defaultConfigurationIsVisible = 0;
			defaultConfigurationName = Release;
		};
		3076CDF01809B47200527E6C /* Build configuration list for PBXNativeTarget "iOSTemplate" */ = {
			isa = XCConfigurationList;
			buildConfigurations = (
				3076CDF11809B47200527E6C /* Debug */,
				3076CDF21809B47200527E6C /* Release */,
			);
			defaultConfigurationIsVisible = 0;
			defaultConfigurationName = Release;
		};
		3076CDF31809B47200527E6C /* Build configuration list for PBXNativeTarget "iOSTemplateTests" */ = {
			isa = XCConfigurationList;
			buildConfigurations = (
				3076CDF41809B47200527E6C /* Debug */,
				3076CDF51809B47200527E6C /* Release */,
			);
			defaultConfigurationIsVisible = 0;
			defaultConfigurationName = Release;
		};
/* End XCConfigurationList section */
	};
	rootObject = 3076CDB61809B47200527E6C /* Project object */;
}
